
Microsoft Visual Studio Solution File, Format Version 12.00
# Visual Studio Version 17
VisualStudioVersion = 17.7.34031.279
MinimumVisualStudioVersion = 10.0.40219.1
Project("{FAE04EC0-301F-11D3-BF4B-00C04F79EFBC}") = "Bet or Fold", "Bet or Fold\Bet or Fold.csproj", "{46FEE1EB-0244-4EE7-BB45-E1A7BB1CD410}"
EndProject
Global
	GlobalSection(SolutionConfigurationPlatforms) = preSolution
		Debug|Any CPU = Debug|Any CPU
		Release|Any CPU = Release|Any CPU
	EndGlobalSection
	GlobalSection(ProjectConfigurationPlatforms) = postSolution
		{46FEE1EB-0244-4EE7-BB45-E1A7BB1CD410}.Debug|Any CPU.ActiveCfg = Debug|Any CPU
		{46FEE1EB-0244-4EE7-BB45-E1A7BB1CD410}.Debug|Any CPU.Build.0 = Debug|Any CPU
		{46FEE1EB-0244-4EE7-BB45-E1A7BB1CD410}.Release|Any CPU.ActiveCfg = Release|Any CPU
		{46FEE1EB-0244-4EE7-BB45-E1A7BB1CD410}.Release|Any CPU.Build.0 = Release|Any CPU
	EndGlobalSection
	GlobalSection(SolutionProperties) = preSolution
		HideSolutionNode = FALSE
	EndGlobalSection
	GlobalSection(ExtensibilityGlobals) = postSolution
		SolutionGuid = {4B914260-D557-446F-85DD-2CBC494CD93B}
	EndGlobalSection
EndGlobal
